
Microsoft Visual Studio Solution File, Format Version 12.00
# Visual Studio Version 16
VisualStudioVersion = 16.0.34301.259
MinimumVisualStudioVersion = 10.0.40219.1
Project("{FAE04EC0-301F-11D3-BF4B-00C04F79EFBC}") = "AnalysisCSOColumn", "AnalysisCSOColumn\AnalysisCSOColumn.csproj", "{3B836C54-4568-4710-8649-75837CA8F93E}"
EndProject
Global
	GlobalSection(SolutionConfigurationPlatforms) = preSolution
		Debug|Any CPU = Debug|Any CPU
		Release|Any CPU = Release|Any CPU
	EndGlobalSection
	GlobalSection(ProjectConfigurationPlatforms) = postSolution
		{3B836C54-4568-4710-8649-75837CA8F93E}.Debug|Any CPU.ActiveCfg = Debug|Any CPU
		{3B836C54-4568-4710-8649-75837CA8F93E}.Debug|Any CPU.Build.0 = Debug|Any CPU
		{3B836C54-4568-4710-8649-75837CA8F93E}.Release|Any CPU.ActiveCfg = Release|Any CPU
		{3B836C54-4568-4710-8649-75837CA8F93E}.Release|Any CPU.Build.0 = Release|Any CPU
	EndGlobalSection
	GlobalSection(SolutionProperties) = preSolution
		HideSolutionNode = FALSE
	EndGlobalSection
	GlobalSection(ExtensibilityGlobals) = postSolution
		SolutionGuid = {106D3383-1CFC-4DC0-9C78-99169FFFB388}
	EndGlobalSection
EndGlobal
